
Microsoft Visual Studio Solution File, Format Version 12.00
# Visual Studio Version 17
VisualStudioVersion = 17.5.33516.290
MinimumVisualStudioVersion = 10.0.40219.1
Project("{8BC9CEB8-8B4A-11D0-8D11-00A0C91BC942}") = "Products-Homework", "Products-Homework\Products-Homework.vcxproj", "{FF752A8A-B6F5-4B8C-99C4-25FF8C9A60F6}"
EndProject
Global
	GlobalSection(SolutionConfigurationPlatforms) = preSolution
		Debug|x64 = Debug|x64
		Debug|x86 = Debug|x86
		Release|x64 = Release|x64
		Release|x86 = Release|x86
	EndGlobalSection
	GlobalSection(ProjectConfigurationPlatforms) = postSolution
		{FF752A8A-B6F5-4B8C-99C4-25FF8C9A60F6}.Debug|x64.ActiveCfg = Debug|x64
		{FF752A8A-B6F5-4B8C-99C4-25FF8C9A60F6}.Debug|x64.Build.0 = Debug|x64
		{FF752A8A-B6F5-4B8C-99C4-25FF8C9A60F6}.Debug|x86.ActiveCfg = Debug|Win32
		{FF752A8A-B6F5-4B8C-99C4-25FF8C9A60F6}.Debug|x86.Build.0 = Debug|Win32
		{FF752A8A-B6F5-4B8C-99C4-25FF8C9A60F6}.Release|x64.ActiveCfg = Release|x64
		{FF752A8A-B6F5-4B8C-99C4-25FF8C9A60F6}.Release|x64.Build.0 = Release|x64
		{FF752A8A-B6F5-4B8C-99C4-25FF8C9A60F6}.Release|x86.ActiveCfg = Release|Win32
		{FF752A8A-B6F5-4B8C-99C4-25FF8C9A60F6}.Release|x86.Build.0 = Release|Win32
	EndGlobalSection
	GlobalSection(SolutionProperties) = preSolution
		HideSolutionNode = FALSE
	EndGlobalSection
	GlobalSection(ExtensibilityGlobals) = postSolution
		SolutionGuid = {1EBD4929-FD64-4D15-9A77-FA67C4E084D5}
	EndGlobalSection
EndGlobal
